
Microsoft Visual Studio Solution File, Format Version 12.00
# Visual Studio 15
VisualStudioVersion = 15.0.27130.2027
MinimumVisualStudioVersion = 10.0.40219.1
Project("{9A19103F-16F7-4668-BE54-9A1E7A4F7556}") = "DemoInterceptionMechanism", "DemoInterceptionMechanism\DemoInterceptionMechanism.csproj", "{73CE05DF-5B2B-4D9C-AA1F-CFC653B28C22}"
EndProject
Project("{9A19103F-16F7-4668-BE54-9A1E7A4F7556}") = "DemoAutofac", "DemoAutofac\DemoAutofac.csproj", "{01987BBD-E5D0-4876-A215-ED26CEAD3E0C}"
EndProject
Project("{9A19103F-16F7-4668-BE54-9A1E7A4F7556}") = "DemoAspNetCore", "DemoAspNetCore\DemoAspNetCore.csproj", "{098827C9-B79F-4509-810E-FD7568F3B35A}"
EndProject
Project("{FAE04EC0-301F-11D3-BF4B-00C04F79EFBC}") = "DemoNetCore", "DemoNetCore\DemoNetCore.csproj", "{C7B2EB7A-8A8B-4212-93B3-9AB92FB2F7C3}"
EndProject
Global
	GlobalSection(SolutionConfigurationPlatforms) = preSolution
		Debug|Any CPU = Debug|Any CPU
		Release|Any CPU = Release|Any CPU
	EndGlobalSection
	GlobalSection(ProjectConfigurationPlatforms) = postSolution
		{73CE05DF-5B2B-4D9C-AA1F-CFC653B28C22}.Debug|Any CPU.ActiveCfg = Debug|Any CPU
		{73CE05DF-5B2B-4D9C-AA1F-CFC653B28C22}.Debug|Any CPU.Build.0 = Debug|Any CPU
		{73CE05DF-5B2B-4D9C-AA1F-CFC653B28C22}.Release|Any CPU.ActiveCfg = Release|Any CPU
		{73CE05DF-5B2B-4D9C-AA1F-CFC653B28C22}.Release|Any CPU.Build.0 = Release|Any CPU
		{01987BBD-E5D0-4876-A215-ED26CEAD3E0C}.Debug|Any CPU.ActiveCfg = Debug|Any CPU
		{01987BBD-E5D0-4876-A215-ED26CEAD3E0C}.Debug|Any CPU.Build.0 = Debug|Any CPU
		{01987BBD-E5D0-4876-A215-ED26CEAD3E0C}.Release|Any CPU.ActiveCfg = Release|Any CPU
		{01987BBD-E5D0-4876-A215-ED26CEAD3E0C}.Release|Any CPU.Build.0 = Release|Any CPU
		{098827C9-B79F-4509-810E-FD7568F3B35A}.Debug|Any CPU.ActiveCfg = Debug|Any CPU
		{098827C9-B79F-4509-810E-FD7568F3B35A}.Debug|Any CPU.Build.0 = Debug|Any CPU
		{098827C9-B79F-4509-810E-FD7568F3B35A}.Release|Any CPU.ActiveCfg = Release|Any CPU
		{098827C9-B79F-4509-810E-FD7568F3B35A}.Release|Any CPU.Build.0 = Release|Any CPU
		{C7B2EB7A-8A8B-4212-93B3-9AB92FB2F7C3}.Debug|Any CPU.ActiveCfg = Debug|Any CPU
		{C7B2EB7A-8A8B-4212-93B3-9AB92FB2F7C3}.Debug|Any CPU.Build.0 = Debug|Any CPU
		{C7B2EB7A-8A8B-4212-93B3-9AB92FB2F7C3}.Release|Any CPU.ActiveCfg = Release|Any CPU
		{C7B2EB7A-8A8B-4212-93B3-9AB92FB2F7C3}.Release|Any CPU.Build.0 = Release|Any CPU
	EndGlobalSection
	GlobalSection(SolutionProperties) = preSolution
		HideSolutionNode = FALSE
	EndGlobalSection
	GlobalSection(ExtensibilityGlobals) = postSolution
		SolutionGuid = {FEA2E1BC-6638-4371-A9CE-1983BC5A4BC5}
	EndGlobalSection
EndGlobal
